// !$*UTF8*$!
{
	archiveVersion = 1;
	classes = {
	};
	objectVersion = 50;
	objects = {

/* Begin PBXBuildFile section */
		7C0238E221CE107E0042E8DC /* AppDelegate.swift in Sources */ = {isa = PBXBuildFile; fileRef = 7C0238E121CE107E0042E8DC /* AppDelegate.swift */; };
		7C0238E721CE107E0042E8DC /* Main.storyboard in Resources */ = {isa = PBXBuildFile; fileRef = 7C0238E521CE107E0042E8DC /* Main.storyboard */; };
		7C0238E921CE107F0042E8DC /* Assets.xcassets in Resources */ = {isa = PBXBuildFile; fileRef = 7C0238E821CE107F0042E8DC /* Assets.xcassets */; };
		7C0238EC21CE107F0042E8DC /* LaunchScreen.storyboard in Resources */ = {isa = PBXBuildFile; fileRef = 7C0238EA21CE107F0042E8DC /* LaunchScreen.storyboard */; };
		7C0238FC21CE17070042E8DC /* MainCalendarVC.swift in Sources */ = {isa = PBXBuildFile; fileRef = 7C0238FB21CE17070042E8DC /* MainCalendarVC.swift */; };
		7C02394921CFB18F0042E8DC /* MainCalendarTVCell.swift in Sources */ = {isa = PBXBuildFile; fileRef = 7C02394821CFB18F0042E8DC /* MainCalendarTVCell.swift */; };
		7C76C31821D3609400D4A1CD /* Extension.swift in Sources */ = {isa = PBXBuildFile; fileRef = 7C76C31721D3609400D4A1CD /* Extension.swift */; };
		7C76C32221D4776B00D4A1CD /* InformationVC.swift in Sources */ = {isa = PBXBuildFile; fileRef = 7C76C32121D4776B00D4A1CD /* InformationVC.swift */; };
		7C76C32421D4777F00D4A1CD /* InformationConcertVC.swift in Sources */ = {isa = PBXBuildFile; fileRef = 7C76C32321D4777F00D4A1CD /* InformationConcertVC.swift */; };
		7C76C32621D477B800D4A1CD /* InformationTVCell.swift in Sources */ = {isa = PBXBuildFile; fileRef = 7C76C32521D477B800D4A1CD /* InformationTVCell.swift */; };
		7C76C32821D4782200D4A1CD /* MypageSB.storyboard in Resources */ = {isa = PBXBuildFile; fileRef = 7C76C32721D4782200D4A1CD /* MypageSB.storyboard */; };
		7CA27CCA21D0EB980041A146 /* YoutubeTestVC.swift in Sources */ = {isa = PBXBuildFile; fileRef = 7CA27CC921D0EB980041A146 /* YoutubeTestVC.swift */; };
		7CA27CCF21D1FD2C0041A146 /* MainCalendarCVCell.swift in Sources */ = {isa = PBXBuildFile; fileRef = 7CA27CCE21D1FD2C0041A146 /* MainCalendarCVCell.swift */; };
		7CF1246721D2522E008F731B /* LikeSB.storyboard in Resources */ = {isa = PBXBuildFile; fileRef = 7CF1246621D2522E008F731B /* LikeSB.storyboard */; };
		7CF1246921D252BA008F731B /* InformationSB.storyboard in Resources */ = {isa = PBXBuildFile; fileRef = 7CF1246821D252BA008F731B /* InformationSB.storyboard */; };
		AE2A6D7B7214AA4BA8EDD3EA /* Pods_Concertrip.framework in Frameworks */ = {isa = PBXBuildFile; fileRef = 2F9891D97367D4A40762BF55 /* Pods_Concertrip.framework */; };
		E08FD19821D11047002AF9E7 /* NotificationSB.storyboard in Resources */ = {isa = PBXBuildFile; fileRef = E08FD19721D11047002AF9E7 /* NotificationSB.storyboard */; };
		E08FD19C21D113BC002AF9E7 /* NotificationVCCell.swift in Sources */ = {isa = PBXBuildFile; fileRef = E08FD19B21D113BC002AF9E7 /* NotificationVCCell.swift */; };
		E08FD1A221D205AA002AF9E7 /* NotificationVC.swift in Sources */ = {isa = PBXBuildFile; fileRef = E08FD1A121D205AA002AF9E7 /* NotificationVC.swift */; };
		E08FD1A621D217D2002AF9E7 /* ExploreSB.storyboard in Resources */ = {isa = PBXBuildFile; fileRef = E08FD1A521D217D2002AF9E7 /* ExploreSB.storyboard */; };
		E08FD1A821D21B3A002AF9E7 /* ExploreVC.swift in Sources */ = {isa = PBXBuildFile; fileRef = E08FD1A721D21B3A002AF9E7 /* ExploreVC.swift */; };
		E08FD1AA21D2209F002AF9E7 /* ExploreCVCell.swift in Sources */ = {isa = PBXBuildFile; fileRef = E08FD1A921D2209F002AF9E7 /* ExploreCVCell.swift */; };
		E08FD1AC21D220B3002AF9E7 /* ExploreTVCell.swift in Sources */ = {isa = PBXBuildFile; fileRef = E08FD1AB21D220B3002AF9E7 /* ExploreTVCell.swift */; };
		E08FD1D421D345DC002AF9E7 /* ExploreClickedVC.swift in Sources */ = {isa = PBXBuildFile; fileRef = E08FD1D321D345DC002AF9E7 /* ExploreClickedVC.swift */; };
		E08FD1D821D3464E002AF9E7 /* ExploreClickedVCCell.swift in Sources */ = {isa = PBXBuildFile; fileRef = E08FD1D721D3464E002AF9E7 /* ExploreClickedVCCell.swift */; };
/* End PBXBuildFile section */

/* Begin PBXFileReference section */
		2F9891D97367D4A40762BF55 /* Pods_Concertrip.framework */ = {isa = PBXFileReference; explicitFileType = wrapper.framework; includeInIndex = 0; path = Pods_Concertrip.framework; sourceTree = BUILT_PRODUCTS_DIR; };
		604D55D24A1D55AB1BB0B062 /* Pods-Concertrip.release.xcconfig */ = {isa = PBXFileReference; includeInIndex = 1; lastKnownFileType = text.xcconfig; name = "Pods-Concertrip.release.xcconfig"; path = "Pods/Target Support Files/Pods-Concertrip/Pods-Concertrip.release.xcconfig"; sourceTree = "<group>"; };
		7C0238DE21CE107E0042E8DC /* Concertrip.app */ = {isa = PBXFileReference; explicitFileType = wrapper.application; includeInIndex = 0; path = Concertrip.app; sourceTree = BUILT_PRODUCTS_DIR; };
		7C0238E121CE107E0042E8DC /* AppDelegate.swift */ = {isa = PBXFileReference; lastKnownFileType = sourcecode.swift; path = AppDelegate.swift; sourceTree = "<group>"; };
		7C0238E621CE107E0042E8DC /* Base */ = {isa = PBXFileReference; lastKnownFileType = file.storyboard; name = Base; path = Base.lproj/Main.storyboard; sourceTree = "<group>"; };
		7C0238E821CE107F0042E8DC /* Assets.xcassets */ = {isa = PBXFileReference; lastKnownFileType = folder.assetcatalog; path = Assets.xcassets; sourceTree = "<group>"; };
		7C0238EB21CE107F0042E8DC /* Base */ = {isa = PBXFileReference; lastKnownFileType = file.storyboard; name = Base; path = Base.lproj/LaunchScreen.storyboard; sourceTree = "<group>"; };
		7C0238ED21CE107F0042E8DC /* Info.plist */ = {isa = PBXFileReference; lastKnownFileType = text.plist.xml; path = Info.plist; sourceTree = "<group>"; };
		7C0238FB21CE17070042E8DC /* MainCalendarVC.swift */ = {isa = PBXFileReference; lastKnownFileType = sourcecode.swift; path = MainCalendarVC.swift; sourceTree = "<group>"; };
		7C02394821CFB18F0042E8DC /* MainCalendarTVCell.swift */ = {isa = PBXFileReference; lastKnownFileType = sourcecode.swift; path = MainCalendarTVCell.swift; sourceTree = "<group>"; };
		7C76C31721D3609400D4A1CD /* Extension.swift */ = {isa = PBXFileReference; lastKnownFileType = sourcecode.swift; path = Extension.swift; sourceTree = "<group>"; };
		7C76C32121D4776B00D4A1CD /* InformationVC.swift */ = {isa = PBXFileReference; lastKnownFileType = sourcecode.swift; path = InformationVC.swift; sourceTree = "<group>"; };
		7C76C32321D4777F00D4A1CD /* InformationConcertVC.swift */ = {isa = PBXFileReference; lastKnownFileType = sourcecode.swift; path = InformationConcertVC.swift; sourceTree = "<group>"; };
		7C76C32521D477B800D4A1CD /* InformationTVCell.swift */ = {isa = PBXFileReference; lastKnownFileType = sourcecode.swift; path = InformationTVCell.swift; sourceTree = "<group>"; };
		7C76C32721D4782200D4A1CD /* MypageSB.storyboard */ = {isa = PBXFileReference; lastKnownFileType = file.storyboard; path = MypageSB.storyboard; sourceTree = "<group>"; };
		7CA27CC921D0EB980041A146 /* YoutubeTestVC.swift */ = {isa = PBXFileReference; lastKnownFileType = sourcecode.swift; path = YoutubeTestVC.swift; sourceTree = "<group>"; };
		7CA27CCE21D1FD2C0041A146 /* MainCalendarCVCell.swift */ = {isa = PBXFileReference; lastKnownFileType = sourcecode.swift; path = MainCalendarCVCell.swift; sourceTree = "<group>"; };
		7CF1246621D2522E008F731B /* LikeSB.storyboard */ = {isa = PBXFileReference; lastKnownFileType = file.storyboard; path = LikeSB.storyboard; sourceTree = "<group>"; };
		7CF1246821D252BA008F731B /* InformationSB.storyboard */ = {isa = PBXFileReference; lastKnownFileType = file.storyboard; path = InformationSB.storyboard; sourceTree = "<group>"; };
		D125FDF54BCE47167F476328 /* Pods-Concertrip.debug.xcconfig */ = {isa = PBXFileReference; includeInIndex = 1; lastKnownFileType = text.xcconfig; name = "Pods-Concertrip.debug.xcconfig"; path = "Pods/Target Support Files/Pods-Concertrip/Pods-Concertrip.debug.xcconfig"; sourceTree = "<group>"; };
		E08FD19721D11047002AF9E7 /* NotificationSB.storyboard */ = {isa = PBXFileReference; lastKnownFileType = file.storyboard; path = NotificationSB.storyboard; sourceTree = "<group>"; };
		E08FD19B21D113BC002AF9E7 /* NotificationVCCell.swift */ = {isa = PBXFileReference; lastKnownFileType = sourcecode.swift; path = NotificationVCCell.swift; sourceTree = "<group>"; };
		E08FD1A121D205AA002AF9E7 /* NotificationVC.swift */ = {isa = PBXFileReference; lastKnownFileType = sourcecode.swift; path = NotificationVC.swift; sourceTree = "<group>"; };
		E08FD1A521D217D2002AF9E7 /* ExploreSB.storyboard */ = {isa = PBXFileReference; lastKnownFileType = file.storyboard; path = ExploreSB.storyboard; sourceTree = "<group>"; };
		E08FD1A721D21B3A002AF9E7 /* ExploreVC.swift */ = {isa = PBXFileReference; lastKnownFileType = sourcecode.swift; path = ExploreVC.swift; sourceTree = "<group>"; };
		E08FD1A921D2209F002AF9E7 /* ExploreCVCell.swift */ = {isa = PBXFileReference; lastKnownFileType = sourcecode.swift; path = ExploreCVCell.swift; sourceTree = "<group>"; };
		E08FD1AB21D220B3002AF9E7 /* ExploreTVCell.swift */ = {isa = PBXFileReference; lastKnownFileType = sourcecode.swift; path = ExploreTVCell.swift; sourceTree = "<group>"; };
		E08FD1D321D345DC002AF9E7 /* ExploreClickedVC.swift */ = {isa = PBXFileReference; lastKnownFileType = sourcecode.swift; name = ExploreClickedVC.swift; path = Concertrip/JW/ViewControllers/ExploreClickedVC.swift; sourceTree = SOURCE_ROOT; };
		E08FD1D721D3464E002AF9E7 /* ExploreClickedVCCell.swift */ = {isa = PBXFileReference; lastKnownFileType = sourcecode.swift; path = ExploreClickedVCCell.swift; sourceTree = "<group>"; };
/* End PBXFileReference section */

/* Begin PBXFrameworksBuildPhase section */
		7C0238DB21CE107E0042E8DC /* Frameworks */ = {
			isa = PBXFrameworksBuildPhase;
			buildActionMask = 2147483647;
			files = (
				AE2A6D7B7214AA4BA8EDD3EA /* Pods_Concertrip.framework in Frameworks */,
			);
			runOnlyForDeploymentPostprocessing = 0;
		};
/* End PBXFrameworksBuildPhase section */

/* Begin PBXGroup section */
		4C8413AD96134F167E272B84 /* Frameworks */ = {
			isa = PBXGroup;
			children = (
				2F9891D97367D4A40762BF55 /* Pods_Concertrip.framework */,
			);
			name = Frameworks;
			sourceTree = "<group>";
		};
		7C0238D521CE107E0042E8DC = {
			isa = PBXGroup;
			children = (
				7C0238E021CE107E0042E8DC /* Concertrip */,
				7C0238DF21CE107E0042E8DC /* Products */,
				C3ED348F7575666839079CB7 /* Pods */,
				4C8413AD96134F167E272B84 /* Frameworks */,
			);
			sourceTree = "<group>";
		};
		7C0238DF21CE107E0042E8DC /* Products */ = {
			isa = PBXGroup;
			children = (
				7C0238DE21CE107E0042E8DC /* Concertrip.app */,
			);
			name = Products;
			sourceTree = "<group>";
		};
		7C0238E021CE107E0042E8DC /* Concertrip */ = {
			isa = PBXGroup;
			children = (
				7C76C31F21D3A76400D4A1CD /* Networks */,
				7C76C31921D3A73300D4A1CD /* Models */,
				7C76C31621D3608800D4A1CD /* Extensions */,
				7CA27CC921D0EB980041A146 /* YoutubeTestVC.swift */,
				7C0238E121CE107E0042E8DC /* AppDelegate.swift */,
				7C0238F921CE16970042E8DC /* EJ */,
				7C0238FA21CE16A10042E8DC /* JW */,
				7C0238E821CE107F0042E8DC /* Assets.xcassets */,
				7C0238E521CE107E0042E8DC /* Main.storyboard */,
				7C0238EA21CE107F0042E8DC /* LaunchScreen.storyboard */,
				7C0238ED21CE107F0042E8DC /* Info.plist */,
			);
			path = Concertrip;
			sourceTree = "<group>";
		};
		7C0238F721CE16750042E8DC /* ViewControllers */ = {
			isa = PBXGroup;
			children = (
				7C76C32021D4772200D4A1CD /* Information */,
				7CA27CCB21D1FCDD0041A146 /* Main */,
			);
			path = ViewControllers;
			sourceTree = "<group>";
		};
		7C0238F921CE16970042E8DC /* EJ */ = {
			isa = PBXGroup;
			children = (
				7C0238F721CE16750042E8DC /* ViewControllers */,
				7CF1246521D25213008F731B /* Storyboards */,
			);
			path = EJ;
			sourceTree = "<group>";
		};
		7C0238FA21CE16A10042E8DC /* JW */ = {
			isa = PBXGroup;
			children = (
				7C02394521CF3D0B0042E8DC /* Views */,
				7C02394421CF3CF60042E8DC /* ViewControllers */,
				7C02394321CF3CF00042E8DC /* Storyboards */,
			);
			path = JW;
			sourceTree = "<group>";
		};
		7C02394321CF3CF00042E8DC /* Storyboards */ = {
			isa = PBXGroup;
			children = (
				E08FD19721D11047002AF9E7 /* NotificationSB.storyboard */,
				E08FD1A521D217D2002AF9E7 /* ExploreSB.storyboard */,
			);
			path = Storyboards;
			sourceTree = "<group>";
		};
		7C02394421CF3CF60042E8DC /* ViewControllers */ = {
			isa = PBXGroup;
			children = (
				E08FD1A121D205AA002AF9E7 /* NotificationVC.swift */,
				E08FD1A721D21B3A002AF9E7 /* ExploreVC.swift */,
				E08FD1D321D345DC002AF9E7 /* ExploreClickedVC.swift */,
			);
			path = ViewControllers;
			sourceTree = "<group>";
		};
		7C02394521CF3D0B0042E8DC /* Views */ = {
			isa = PBXGroup;
			children = (
				E08FD19B21D113BC002AF9E7 /* NotificationVCCell.swift */,
				E08FD1A921D2209F002AF9E7 /* ExploreCVCell.swift */,
				E08FD1AB21D220B3002AF9E7 /* ExploreTVCell.swift */,
				E08FD1D721D3464E002AF9E7 /* ExploreClickedVCCell.swift */,
			);
			path = Views;
			sourceTree = "<group>";
		};
		7C76C31621D3608800D4A1CD /* Extensions */ = {
			isa = PBXGroup;
			children = (
				7C76C31721D3609400D4A1CD /* Extension.swift */,
			);
			path = Extensions;
			sourceTree = "<group>";
		};
		7C76C31921D3A73300D4A1CD /* Models */ = {
			isa = PBXGroup;
			children = (
			);
			path = Models;
			sourceTree = "<group>";
		};
		7C76C31F21D3A76400D4A1CD /* Networks */ = {
			isa = PBXGroup;
			children = (
			);
			path = Networks;
			sourceTree = "<group>";
		};
		7C76C32021D4772200D4A1CD /* Information */ = {
			isa = PBXGroup;
			children = (
				7C76C32121D4776B00D4A1CD /* InformationVC.swift */,
				7C76C32321D4777F00D4A1CD /* InformationConcertVC.swift */,
				7C76C32521D477B800D4A1CD /* InformationTVCell.swift */,
			);
			path = Information;
			sourceTree = "<group>";
		};
		7CA27CCB21D1FCDD0041A146 /* Main */ = {
			isa = PBXGroup;
			children = (
				7C0238FB21CE17070042E8DC /* MainCalendarVC.swift */,
				7C02394821CFB18F0042E8DC /* MainCalendarTVCell.swift */,
				7CA27CCE21D1FD2C0041A146 /* MainCalendarCVCell.swift */,
			);
			path = Main;
			sourceTree = "<group>";
		};
		7CF1246521D25213008F731B /* Storyboards */ = {
			isa = PBXGroup;
			children = (
				7CF1246621D2522E008F731B /* LikeSB.storyboard */,
				7CF1246821D252BA008F731B /* InformationSB.storyboard */,
				7C76C32721D4782200D4A1CD /* MypageSB.storyboard */,
			);
			path = Storyboards;
			sourceTree = "<group>";
		};
		C3ED348F7575666839079CB7 /* Pods */ = {
			isa = PBXGroup;
			children = (
				D125FDF54BCE47167F476328 /* Pods-Concertrip.debug.xcconfig */,
				604D55D24A1D55AB1BB0B062 /* Pods-Concertrip.release.xcconfig */,
			);
			name = Pods;
			sourceTree = "<group>";
		};
/* End PBXGroup section */

/* Begin PBXNativeTarget section */
		7C0238DD21CE107E0042E8DC /* Concertrip */ = {
			isa = PBXNativeTarget;
			buildConfigurationList = 7C0238F021CE107F0042E8DC /* Build configuration list for PBXNativeTarget "Concertrip" */;
			buildPhases = (
				D33B16001EF90A3C43398DC2 /* [CP] Check Pods Manifest.lock */,
				7C0238DA21CE107E0042E8DC /* Sources */,
				7C0238DB21CE107E0042E8DC /* Frameworks */,
				7C0238DC21CE107E0042E8DC /* Resources */,
				8910E84965040A4E88F2B92A /* [CP] Embed Pods Frameworks */,
			);
			buildRules = (
			);
			dependencies = (
			);
			name = Concertrip;
			productName = Concertrip;
			productReference = 7C0238DE21CE107E0042E8DC /* Concertrip.app */;
			productType = "com.apple.product-type.application";
		};
/* End PBXNativeTarget section */

/* Begin PBXProject section */
		7C0238D621CE107E0042E8DC /* Project object */ = {
			isa = PBXProject;
			attributes = {
				LastSwiftUpdateCheck = 1010;
				LastUpgradeCheck = 1010;
				ORGANIZATIONNAME = "양어진";
				TargetAttributes = {
					7C0238DD21CE107E0042E8DC = {
						CreatedOnToolsVersion = 10.1;
					};
				};
			};
			buildConfigurationList = 7C0238D921CE107E0042E8DC /* Build configuration list for PBXProject "Concertrip" */;
			compatibilityVersion = "Xcode 9.3";
			developmentRegion = en;
			hasScannedForEncodings = 0;
			knownRegions = (
				en,
				Base,
			);
			mainGroup = 7C0238D521CE107E0042E8DC;
			productRefGroup = 7C0238DF21CE107E0042E8DC /* Products */;
			projectDirPath = "";
			projectRoot = "";
			targets = (
				7C0238DD21CE107E0042E8DC /* Concertrip */,
			);
		};
/* End PBXProject section */

/* Begin PBXResourcesBuildPhase section */
		7C0238DC21CE107E0042E8DC /* Resources */ = {
			isa = PBXResourcesBuildPhase;
			buildActionMask = 2147483647;
			files = (
				E08FD19821D11047002AF9E7 /* NotificationSB.storyboard in Resources */,
				E08FD1A621D217D2002AF9E7 /* ExploreSB.storyboard in Resources */,
				7C76C32821D4782200D4A1CD /* MypageSB.storyboard in Resources */,
				7CF1246721D2522E008F731B /* LikeSB.storyboard in Resources */,
				7C0238EC21CE107F0042E8DC /* LaunchScreen.storyboard in Resources */,
				7C0238E921CE107F0042E8DC /* Assets.xcassets in Resources */,
				7CF1246921D252BA008F731B /* InformationSB.storyboard in Resources */,
				7C0238E721CE107E0042E8DC /* Main.storyboard in Resources */,
			);
			runOnlyForDeploymentPostprocessing = 0;
		};
/* End PBXResourcesBuildPhase section */

/* Begin PBXShellScriptBuildPhase section */
		8910E84965040A4E88F2B92A /* [CP] Embed Pods Frameworks */ = {
			isa = PBXShellScriptBuildPhase;
			buildActionMask = 2147483647;
			files = (
			);
			inputFileListPaths = (
			);
			inputPaths = (
				"${SRCROOT}/Pods/Target Support Files/Pods-Concertrip/Pods-Concertrip-frameworks.sh",
				"${BUILT_PRODUCTS_DIR}/Alamofire/Alamofire.framework",
				"${BUILT_PRODUCTS_DIR}/AlamofireObjectMapper/AlamofireObjectMapper.framework",
				"${BUILT_PRODUCTS_DIR}/CVCalendar/CVCalendar.framework",
				"${BUILT_PRODUCTS_DIR}/Kingfisher/Kingfisher.framework",
				"${BUILT_PRODUCTS_DIR}/ObjectMapper/ObjectMapper.framework",
				"${BUILT_PRODUCTS_DIR}/YouTubePlayer-Swift/YouTubePlayer_Swift.framework",
			);
			name = "[CP] Embed Pods Frameworks";
			outputFileListPaths = (
			);
			outputPaths = (
				"${TARGET_BUILD_DIR}/${FRAMEWORKS_FOLDER_PATH}/Alamofire.framework",
				"${TARGET_BUILD_DIR}/${FRAMEWORKS_FOLDER_PATH}/AlamofireObjectMapper.framework",
				"${TARGET_BUILD_DIR}/${FRAMEWORKS_FOLDER_PATH}/CVCalendar.framework",
				"${TARGET_BUILD_DIR}/${FRAMEWORKS_FOLDER_PATH}/Kingfisher.framework",
				"${TARGET_BUILD_DIR}/${FRAMEWORKS_FOLDER_PATH}/ObjectMapper.framework",
				"${TARGET_BUILD_DIR}/${FRAMEWORKS_FOLDER_PATH}/YouTubePlayer_Swift.framework",
			);
			runOnlyForDeploymentPostprocessing = 0;
			shellPath = /bin/sh;
			shellScript = "\"${SRCROOT}/Pods/Target Support Files/Pods-Concertrip/Pods-Concertrip-frameworks.sh\"\n";
			showEnvVarsInLog = 0;
		};
		D33B16001EF90A3C43398DC2 /* [CP] Check Pods Manifest.lock */ = {
			isa = PBXShellScriptBuildPhase;
			buildActionMask = 2147483647;
			files = (
			);
			inputFileListPaths = (
			);
			inputPaths = (
				"${PODS_PODFILE_DIR_PATH}/Podfile.lock",
				"${PODS_ROOT}/Manifest.lock",
			);
			name = "[CP] Check Pods Manifest.lock";
			outputFileListPaths = (
			);
			outputPaths = (
				"$(DERIVED_FILE_DIR)/Pods-Concertrip-checkManifestLockResult.txt",
			);
			runOnlyForDeploymentPostprocessing = 0;
			shellPath = /bin/sh;
			shellScript = "diff \"${PODS_PODFILE_DIR_PATH}/Podfile.lock\" \"${PODS_ROOT}/Manifest.lock\" > /dev/null\nif [ $? != 0 ] ; then\n    # print error to STDERR\n    echo \"error: The sandbox is not in sync with the Podfile.lock. Run 'pod install' or update your CocoaPods installation.\" >&2\n    exit 1\nfi\n# This output is used by Xcode 'outputs' to avoid re-running this script phase.\necho \"SUCCESS\" > \"${SCRIPT_OUTPUT_FILE_0}\"\n";
			showEnvVarsInLog = 0;
		};
/* End PBXShellScriptBuildPhase section */

/* Begin PBXSourcesBuildPhase section */
		7C0238DA21CE107E0042E8DC /* Sources */ = {
			isa = PBXSourcesBuildPhase;
			buildActionMask = 2147483647;
			files = (
				7CA27CCA21D0EB980041A146 /* YoutubeTestVC.swift in Sources */,
				E08FD1A221D205AA002AF9E7 /* NotificationVC.swift in Sources */,
				7C76C32621D477B800D4A1CD /* InformationTVCell.swift in Sources */,
				E08FD1A821D21B3A002AF9E7 /* ExploreVC.swift in Sources */,
				7C76C32421D4777F00D4A1CD /* InformationConcertVC.swift in Sources */,
				E08FD1D421D345DC002AF9E7 /* ExploreClickedVC.swift in Sources */,
				E08FD19C21D113BC002AF9E7 /* NotificationVCCell.swift in Sources */,
				7C76C32221D4776B00D4A1CD /* InformationVC.swift in Sources */,
				7C76C31821D3609400D4A1CD /* Extension.swift in Sources */,
				7C02394921CFB18F0042E8DC /* MainCalendarTVCell.swift in Sources */,
				7CA27CCF21D1FD2C0041A146 /* MainCalendarCVCell.swift in Sources */,
				7C0238E221CE107E0042E8DC /* AppDelegate.swift in Sources */,
				E08FD1D821D3464E002AF9E7 /* ExploreClickedVCCell.swift in Sources */,
				E08FD1AC21D220B3002AF9E7 /* ExploreTVCell.swift in Sources */,
				7C0238FC21CE17070042E8DC /* MainCalendarVC.swift in Sources */,
				E08FD1AA21D2209F002AF9E7 /* ExploreCVCell.swift in Sources */,
			);
			runOnlyForDeploymentPostprocessing = 0;
		};
/* End PBXSourcesBuildPhase section */

/* Begin PBXVariantGroup section */
		7C0238E521CE107E0042E8DC /* Main.storyboard */ = {
			isa = PBXVariantGroup;
			children = (
				7C0238E621CE107E0042E8DC /* Base */,
			);
			name = Main.storyboard;
			sourceTree = "<group>";
		};
		7C0238EA21CE107F0042E8DC /* LaunchScreen.storyboard */ = {
			isa = PBXVariantGroup;
			children = (
				7C0238EB21CE107F0042E8DC /* Base */,
			);
			name = LaunchScreen.storyboard;
			sourceTree = "<group>";
		};
/* End PBXVariantGroup section */

/* Begin XCBuildConfiguration section */
		7C0238EE21CE107F0042E8DC /* Debug */ = {
			isa = XCBuildConfiguration;
			buildSettings = {
				ALWAYS_SEARCH_USER_PATHS = NO;
				CLANG_ANALYZER_NONNULL = YES;
				CLANG_ANALYZER_NUMBER_OBJECT_CONVERSION = YES_AGGRESSIVE;
				CLANG_CXX_LANGUAGE_STANDARD = "gnu++14";
				CLANG_CXX_LIBRARY = "libc++";
				CLANG_ENABLE_MODULES = YES;
				CLANG_ENABLE_OBJC_ARC = YES;
				CLANG_ENABLE_OBJC_WEAK = YES;
				CLANG_WARN_BLOCK_CAPTURE_AUTORELEASING = YES;
				CLANG_WARN_BOOL_CONVERSION = YES;
				CLANG_WARN_COMMA = YES;
				CLANG_WARN_CONSTANT_CONVERSION = YES;
				CLANG_WARN_DEPRECATED_OBJC_IMPLEMENTATIONS = YES;
				CLANG_WARN_DIRECT_OBJC_ISA_USAGE = YES_ERROR;
				CLANG_WARN_DOCUMENTATION_COMMENTS = YES;
				CLANG_WARN_EMPTY_BODY = YES;
				CLANG_WARN_ENUM_CONVERSION = YES;
				CLANG_WARN_INFINITE_RECURSION = YES;
				CLANG_WARN_INT_CONVERSION = YES;
				CLANG_WARN_NON_LITERAL_NULL_CONVERSION = YES;
				CLANG_WARN_OBJC_IMPLICIT_RETAIN_SELF = YES;
				CLANG_WARN_OBJC_LITERAL_CONVERSION = YES;
				CLANG_WARN_OBJC_ROOT_CLASS = YES_ERROR;
				CLANG_WARN_RANGE_LOOP_ANALYSIS = YES;
				CLANG_WARN_STRICT_PROTOTYPES = YES;
				CLANG_WARN_SUSPICIOUS_MOVE = YES;
				CLANG_WARN_UNGUARDED_AVAILABILITY = YES_AGGRESSIVE;
				CLANG_WARN_UNREACHABLE_CODE = YES;
				CLANG_WARN__DUPLICATE_METHOD_MATCH = YES;
				CODE_SIGN_IDENTITY = "iPhone Developer";
				COPY_PHASE_STRIP = NO;
				DEBUG_INFORMATION_FORMAT = dwarf;
				ENABLE_STRICT_OBJC_MSGSEND = YES;
				ENABLE_TESTABILITY = YES;
				GCC_C_LANGUAGE_STANDARD = gnu11;
				GCC_DYNAMIC_NO_PIC = NO;
				GCC_NO_COMMON_BLOCKS = YES;
				GCC_OPTIMIZATION_LEVEL = 0;
				GCC_PREPROCESSOR_DEFINITIONS = (
					"DEBUG=1",
					"$(inherited)",
				);
				GCC_WARN_64_TO_32_BIT_CONVERSION = YES;
				GCC_WARN_ABOUT_RETURN_TYPE = YES_ERROR;
				GCC_WARN_UNDECLARED_SELECTOR = YES;
				GCC_WARN_UNINITIALIZED_AUTOS = YES_AGGRESSIVE;
				GCC_WARN_UNUSED_FUNCTION = YES;
				GCC_WARN_UNUSED_VARIABLE = YES;
				IPHONEOS_DEPLOYMENT_TARGET = 12.1;
				MTL_ENABLE_DEBUG_INFO = INCLUDE_SOURCE;
				MTL_FAST_MATH = YES;
				ONLY_ACTIVE_ARCH = YES;
				SDKROOT = iphoneos;
				SWIFT_ACTIVE_COMPILATION_CONDITIONS = DEBUG;
				SWIFT_OPTIMIZATION_LEVEL = "-Onone";
			};
			name = Debug;
		};
		7C0238EF21CE107F0042E8DC /* Release */ = {
			isa = XCBuildConfiguration;
			buildSettings = {
				ALWAYS_SEARCH_USER_PATHS = NO;
				CLANG_ANALYZER_NONNULL = YES;
				CLANG_ANALYZER_NUMBER_OBJECT_CONVERSION = YES_AGGRESSIVE;
				CLANG_CXX_LANGUAGE_STANDARD = "gnu++14";
				CLANG_CXX_LIBRARY = "libc++";
				CLANG_ENABLE_MODULES = YES;
				CLANG_ENABLE_OBJC_ARC = YES;
				CLANG_ENABLE_OBJC_WEAK = YES;
				CLANG_WARN_BLOCK_CAPTURE_AUTORELEASING = YES;
				CLANG_WARN_BOOL_CONVERSION = YES;
				CLANG_WARN_COMMA = YES;
				CLANG_WARN_CONSTANT_CONVERSION = YES;
				CLANG_WARN_DEPRECATED_OBJC_IMPLEMENTATIONS = YES;
				CLANG_WARN_DIRECT_OBJC_ISA_USAGE = YES_ERROR;
				CLANG_WARN_DOCUMENTATION_COMMENTS = YES;
				CLANG_WARN_EMPTY_BODY = YES;
				CLANG_WARN_ENUM_CONVERSION = YES;
				CLANG_WARN_INFINITE_RECURSION = YES;
				CLANG_WARN_INT_CONVERSION = YES;
				CLANG_WARN_NON_LITERAL_NULL_CONVERSION = YES;
				CLANG_WARN_OBJC_IMPLICIT_RETAIN_SELF = YES;
				CLANG_WARN_OBJC_LITERAL_CONVERSION = YES;
				CLANG_WARN_OBJC_ROOT_CLASS = YES_ERROR;
				CLANG_WARN_RANGE_LOOP_ANALYSIS = YES;
				CLANG_WARN_STRICT_PROTOTYPES = YES;
				CLANG_WARN_SUSPICIOUS_MOVE = YES;
				CLANG_WARN_UNGUARDED_AVAILABILITY = YES_AGGRESSIVE;
				CLANG_WARN_UNREACHABLE_CODE = YES;
				CLANG_WARN__DUPLICATE_METHOD_MATCH = YES;
				CODE_SIGN_IDENTITY = "iPhone Developer";
				COPY_PHASE_STRIP = NO;
				DEBUG_INFORMATION_FORMAT = "dwarf-with-dsym";
				ENABLE_NS_ASSERTIONS = NO;
				ENABLE_STRICT_OBJC_MSGSEND = YES;
				GCC_C_LANGUAGE_STANDARD = gnu11;
				GCC_NO_COMMON_BLOCKS = YES;
				GCC_WARN_64_TO_32_BIT_CONVERSION = YES;
				GCC_WARN_ABOUT_RETURN_TYPE = YES_ERROR;
				GCC_WARN_UNDECLARED_SELECTOR = YES;
				GCC_WARN_UNINITIALIZED_AUTOS = YES_AGGRESSIVE;
				GCC_WARN_UNUSED_FUNCTION = YES;
				GCC_WARN_UNUSED_VARIABLE = YES;
				IPHONEOS_DEPLOYMENT_TARGET = 12.1;
				MTL_ENABLE_DEBUG_INFO = NO;
				MTL_FAST_MATH = YES;
				SDKROOT = iphoneos;
				SWIFT_COMPILATION_MODE = wholemodule;
				SWIFT_OPTIMIZATION_LEVEL = "-O";
				VALIDATE_PRODUCT = YES;
			};
			name = Release;
		};
		7C0238F121CE107F0042E8DC /* Debug */ = {
			isa = XCBuildConfiguration;
			baseConfigurationReference = D125FDF54BCE47167F476328 /* Pods-Concertrip.debug.xcconfig */;
			buildSettings = {
				ASSETCATALOG_COMPILER_APPICON_NAME = AppIcon;
				CODE_SIGN_STYLE = Automatic;
				INFOPLIST_FILE = Concertrip/Info.plist;
				LD_RUNPATH_SEARCH_PATHS = (
					"$(inherited)",
					"@executable_path/Frameworks",
				);
				PRODUCT_BUNDLE_IDENTIFIER = com.eojin.Concertrip;
				PRODUCT_NAME = "$(TARGET_NAME)";
				SWIFT_VERSION = 4.2;
				TARGETED_DEVICE_FAMILY = "1,2";
			};
			name = Debug;
		};
		7C0238F221CE107F0042E8DC /* Release */ = {
			isa = XCBuildConfiguration;
			baseConfigurationReference = 604D55D24A1D55AB1BB0B062 /* Pods-Concertrip.release.xcconfig */;
			buildSettings = {
				ASSETCATALOG_COMPILER_APPICON_NAME = AppIcon;
				CODE_SIGN_STYLE = Automatic;
				INFOPLIST_FILE = Concertrip/Info.plist;
				LD_RUNPATH_SEARCH_PATHS = (
					"$(inherited)",
					"@executable_path/Frameworks",
				);
				PRODUCT_BUNDLE_IDENTIFIER = com.eojin.Concertrip;
				PRODUCT_NAME = "$(TARGET_NAME)";
				SWIFT_VERSION = 4.2;
				TARGETED_DEVICE_FAMILY = "1,2";
			};
			name = Release;
		};
/* End XCBuildConfiguration section */

/* Begin XCConfigurationList section */
		7C0238D921CE107E0042E8DC /* Build configuration list for PBXProject "Concertrip" */ = {
			isa = XCConfigurationList;
			buildConfigurations = (
				7C0238EE21CE107F0042E8DC /* Debug */,
				7C0238EF21CE107F0042E8DC /* Release */,
			);
			defaultConfigurationIsVisible = 0;
			defaultConfigurationName = Release;
		};
		7C0238F021CE107F0042E8DC /* Build configuration list for PBXNativeTarget "Concertrip" */ = {
			isa = XCConfigurationList;
			buildConfigurations = (
				7C0238F121CE107F0042E8DC /* Debug */,
				7C0238F221CE107F0042E8DC /* Release */,
			);
			defaultConfigurationIsVisible = 0;
			defaultConfigurationName = Release;
		};
/* End XCConfigurationList section */
	};
	rootObject = 7C0238D621CE107E0042E8DC /* Project object */;
}
